
Microsoft Visual Studio Solution File, Format Version 10.00
# Visual Studio 2008
Project("{FAE04EC0-301F-11D3-BF4B-00C04F79EFBC}") = "GeneratorSubsystem", "Generator\GeneratorSubsystem.csproj", "{515A28BD-34E7-44BB-88A4-07C6C08609DE}"
EndProject
Project("{FAE04EC0-301F-11D3-BF4B-00C04F79EFBC}") = "ModelingDataTypes", "ModelingDataTypes\ModelingDataTypes\ModelingDataTypes.csproj", "{ACB23B7D-7016-4AFB-AE71-C52CE804CF3A}"
EndProject
Project("{FAE04EC0-301F-11D3-BF4B-00C04F79EFBC}") = "Storage", "Storage\Storage\Storage.csproj", "{32E1FA4C-3C9E-42E0-B04F-BD8BFD342E8F}"
EndProject
Project("{FAE04EC0-301F-11D3-BF4B-00C04F79EFBC}") = "Modeling", "Modeling\Modeling.csproj", "{885F5CE5-B941-4B3D-8B22-34B02FC18224}"
EndProject
Project("{FAE04EC0-301F-11D3-BF4B-00C04F79EFBC}") = "ReflectionPerformanceTests", "ReflectionPerformanceTests\ReflectionPerformanceTests.csproj", "{5955A9D2-86F0-4DCF-8690-DBF15FC9CBF9}"
EndProject
Global
	GlobalSection(SolutionConfigurationPlatforms) = preSolution
		Debug|Any CPU = Debug|Any CPU
		Release|Any CPU = Release|Any CPU
	EndGlobalSection
	GlobalSection(ProjectConfigurationPlatforms) = postSolution
		{515A28BD-34E7-44BB-88A4-07C6C08609DE}.Debug|Any CPU.ActiveCfg = Debug|Any CPU
		{515A28BD-34E7-44BB-88A4-07C6C08609DE}.Debug|Any CPU.Build.0 = Debug|Any CPU
		{515A28BD-34E7-44BB-88A4-07C6C08609DE}.Release|Any CPU.ActiveCfg = Release|Any CPU
		{515A28BD-34E7-44BB-88A4-07C6C08609DE}.Release|Any CPU.Build.0 = Release|Any CPU
		{ACB23B7D-7016-4AFB-AE71-C52CE804CF3A}.Debug|Any CPU.ActiveCfg = Debug|Any CPU
		{ACB23B7D-7016-4AFB-AE71-C52CE804CF3A}.Debug|Any CPU.Build.0 = Debug|Any CPU
		{ACB23B7D-7016-4AFB-AE71-C52CE804CF3A}.Release|Any CPU.ActiveCfg = Release|Any CPU
		{ACB23B7D-7016-4AFB-AE71-C52CE804CF3A}.Release|Any CPU.Build.0 = Release|Any CPU
		{32E1FA4C-3C9E-42E0-B04F-BD8BFD342E8F}.Debug|Any CPU.ActiveCfg = Debug|Any CPU
		{32E1FA4C-3C9E-42E0-B04F-BD8BFD342E8F}.Debug|Any CPU.Build.0 = Debug|Any CPU
		{32E1FA4C-3C9E-42E0-B04F-BD8BFD342E8F}.Release|Any CPU.ActiveCfg = Release|Any CPU
		{32E1FA4C-3C9E-42E0-B04F-BD8BFD342E8F}.Release|Any CPU.Build.0 = Release|Any CPU
		{885F5CE5-B941-4B3D-8B22-34B02FC18224}.Debug|Any CPU.ActiveCfg = Debug|Any CPU
		{885F5CE5-B941-4B3D-8B22-34B02FC18224}.Debug|Any CPU.Build.0 = Debug|Any CPU
		{885F5CE5-B941-4B3D-8B22-34B02FC18224}.Release|Any CPU.ActiveCfg = Release|Any CPU
		{885F5CE5-B941-4B3D-8B22-34B02FC18224}.Release|Any CPU.Build.0 = Release|Any CPU
		{5955A9D2-86F0-4DCF-8690-DBF15FC9CBF9}.Debug|Any CPU.ActiveCfg = Debug|Any CPU
		{5955A9D2-86F0-4DCF-8690-DBF15FC9CBF9}.Debug|Any CPU.Build.0 = Debug|Any CPU
		{5955A9D2-86F0-4DCF-8690-DBF15FC9CBF9}.Release|Any CPU.ActiveCfg = Release|Any CPU
		{5955A9D2-86F0-4DCF-8690-DBF15FC9CBF9}.Release|Any CPU.Build.0 = Release|Any CPU
	EndGlobalSection
	GlobalSection(SolutionProperties) = preSolution
		HideSolutionNode = FALSE
	EndGlobalSection
EndGlobal
